
Microsoft Visual Studio Solution File, Format Version 12.00
# Visual Studio 15
VisualStudioVersion = 15.0.27703.2026
MinimumVisualStudioVersion = 10.0.40219.1
Project("{FAE04EC0-301F-11D3-BF4B-00C04F79EFBC}") = "ProcessManager", "ProcessManager\ProcessManager.csproj", "{01BD12EF-50DB-42BF-821B-DFAB5F8C6F86}"
EndProject
Global
	GlobalSection(SolutionConfigurationPlatforms) = preSolution
		Debug|Any CPU = Debug|Any CPU
		Release|Any CPU = Release|Any CPU
	EndGlobalSection
	GlobalSection(ProjectConfigurationPlatforms) = postSolution
		{01BD12EF-50DB-42BF-821B-DFAB5F8C6F86}.Debug|Any CPU.ActiveCfg = Debug|Any CPU
		{01BD12EF-50DB-42BF-821B-DFAB5F8C6F86}.Debug|Any CPU.Build.0 = Debug|Any CPU
		{01BD12EF-50DB-42BF-821B-DFAB5F8C6F86}.Release|Any CPU.ActiveCfg = Release|Any CPU
		{01BD12EF-50DB-42BF-821B-DFAB5F8C6F86}.Release|Any CPU.Build.0 = Release|Any CPU
	EndGlobalSection
	GlobalSection(SolutionProperties) = preSolution
		HideSolutionNode = FALSE
	EndGlobalSection
	GlobalSection(ExtensibilityGlobals) = postSolution
		SolutionGuid = {21B995F4-D301-41BC-A93F-5B5955270BE2}
	EndGlobalSection
EndGlobal
